
Microsoft Visual Studio Solution File, Format Version 12.00
# Visual Studio Version 17
VisualStudioVersion = 17.2.32516.85
MinimumVisualStudioVersion = 10.0.40219.1
Project("{9A19103F-16F7-4668-BE54-9A1E7A4F7556}") = "VShop.ProductApi", "VShop.ProductApi\VShop.ProductApi.csproj", "{5713C670-E06B-41D4-A074-DB04BF5A493D}"
EndProject
Project("{9A19103F-16F7-4668-BE54-9A1E7A4F7556}") = "VShop.Web", "VShop.Web\VShop.Web.csproj", "{B2A5B4F6-E5E9-43B1-9845-D5273826CE27}"
EndProject
Project("{2150E333-8FDC-42A3-9474-1A3956D46DE8}") = "Frontend", "Frontend", "{458368E7-1122-4F20-9BB9-3007A5EFFD9E}"
EndProject
Project("{2150E333-8FDC-42A3-9474-1A3956D46DE8}") = "Backend", "Backend", "{989936CC-878F-4C66-96FD-15B15F8C8284}"
EndProject
Project("{FAE04EC0-301F-11D3-BF4B-00C04F79EFBC}") = "VShop.IdentityServer", "VShop.IdentityServer\VShop.IdentityServer.csproj", "{83F0B51B-9C25-44BF-A129-473F80E43BE1}"
EndProject
Global
	GlobalSection(SolutionConfigurationPlatforms) = preSolution
		Debug|Any CPU = Debug|Any CPU
		Release|Any CPU = Release|Any CPU
	EndGlobalSection
	GlobalSection(ProjectConfigurationPlatforms) = postSolution
		{5713C670-E06B-41D4-A074-DB04BF5A493D}.Debug|Any CPU.ActiveCfg = Debug|Any CPU
		{5713C670-E06B-41D4-A074-DB04BF5A493D}.Debug|Any CPU.Build.0 = Debug|Any CPU
		{5713C670-E06B-41D4-A074-DB04BF5A493D}.Release|Any CPU.ActiveCfg = Release|Any CPU
		{5713C670-E06B-41D4-A074-DB04BF5A493D}.Release|Any CPU.Build.0 = Release|Any CPU
		{B2A5B4F6-E5E9-43B1-9845-D5273826CE27}.Debug|Any CPU.ActiveCfg = Debug|Any CPU
		{B2A5B4F6-E5E9-43B1-9845-D5273826CE27}.Debug|Any CPU.Build.0 = Debug|Any CPU
		{B2A5B4F6-E5E9-43B1-9845-D5273826CE27}.Release|Any CPU.ActiveCfg = Release|Any CPU
		{B2A5B4F6-E5E9-43B1-9845-D5273826CE27}.Release|Any CPU.Build.0 = Release|Any CPU
		{83F0B51B-9C25-44BF-A129-473F80E43BE1}.Debug|Any CPU.ActiveCfg = Debug|Any CPU
		{83F0B51B-9C25-44BF-A129-473F80E43BE1}.Debug|Any CPU.Build.0 = Debug|Any CPU
		{83F0B51B-9C25-44BF-A129-473F80E43BE1}.Release|Any CPU.ActiveCfg = Release|Any CPU
		{83F0B51B-9C25-44BF-A129-473F80E43BE1}.Release|Any CPU.Build.0 = Release|Any CPU
	EndGlobalSection
	GlobalSection(SolutionProperties) = preSolution
		HideSolutionNode = FALSE
	EndGlobalSection
	GlobalSection(NestedProjects) = preSolution
		{5713C670-E06B-41D4-A074-DB04BF5A493D} = {989936CC-878F-4C66-96FD-15B15F8C8284}
		{B2A5B4F6-E5E9-43B1-9845-D5273826CE27} = {458368E7-1122-4F20-9BB9-3007A5EFFD9E}
		{83F0B51B-9C25-44BF-A129-473F80E43BE1} = {989936CC-878F-4C66-96FD-15B15F8C8284}
	EndGlobalSection
	GlobalSection(ExtensibilityGlobals) = postSolution
		SolutionGuid = {CE3C7908-093E-4181-9666-314FEBD0B000}
	EndGlobalSection
EndGlobal
